// !$*UTF8*$!
{
	archiveVersion = 1;
	classes = {
	};
	objectVersion = 50;
	objects = {

/* Begin PBXBuildFile section */
		5FC8698523A75EC300B10EB1 /* AppDelegate.swift in Sources */ = {isa = PBXBuildFile; fileRef = 5FC8698423A75EC300B10EB1 /* AppDelegate.swift */; };
		5FC8698723A75EC300B10EB1 /* SceneDelegate.swift in Sources */ = {isa = PBXBuildFile; fileRef = 5FC8698623A75EC300B10EB1 /* SceneDelegate.swift */; };
		5FC8698923A75EC300B10EB1 /* ViewController.swift in Sources */ = {isa = PBXBuildFile; fileRef = 5FC8698823A75EC300B10EB1 /* ViewController.swift */; };
		5FC8698C23A75EC300B10EB1 /* Main.storyboard in Resources */ = {isa = PBXBuildFile; fileRef = 5FC8698A23A75EC300B10EB1 /* Main.storyboard */; };
		5FC8698E23A75EC700B10EB1 /* Assets.xcassets in Resources */ = {isa = PBXBuildFile; fileRef = 5FC8698D23A75EC700B10EB1 /* Assets.xcassets */; };
		5FC8699123A75EC700B10EB1 /* LaunchScreen.storyboard in Resources */ = {isa = PBXBuildFile; fileRef = 5FC8698F23A75EC700B10EB1 /* LaunchScreen.storyboard */; };
		5FC8699A23A79E7900B10EB1 /* multiplatform_logic.framework in Frameworks */ = {isa = PBXBuildFile; fileRef = 5FC8699923A79E7900B10EB1 /* multiplatform_logic.framework */; };
		5FC8699B23A79E7900B10EB1 /* multiplatform_logic.framework in Embed Frameworks */ = {isa = PBXBuildFile; fileRef = 5FC8699923A79E7900B10EB1 /* multiplatform_logic.framework */; settings = {ATTRIBUTES = (CodeSignOnCopy, RemoveHeadersOnCopy, ); }; };
/* End PBXBuildFile section */

/* Begin PBXCopyFilesBuildPhase section */
		5FC8699C23A79E7900B10EB1 /* Embed Frameworks */ = {
			isa = PBXCopyFilesBuildPhase;
			buildActionMask = 2147483647;
			dstPath = "";
			dstSubfolderSpec = 10;
			files = (
				5FC8699B23A79E7900B10EB1 /* multiplatform_logic.framework in Embed Frameworks */,
			);
			name = "Embed Frameworks";
			runOnlyForDeploymentPostprocessing = 0;
		};
/* End PBXCopyFilesBuildPhase section */

/* Begin PBXFileReference section */
		5FC8698123A75EC300B10EB1 /* KNDemo.app */ = {isa = PBXFileReference; explicitFileType = wrapper.application; includeInIndex = 0; path = KNDemo.app; sourceTree = BUILT_PRODUCTS_DIR; };
		5FC8698423A75EC300B10EB1 /* AppDelegate.swift */ = {isa = PBXFileReference; lastKnownFileType = sourcecode.swift; path = AppDelegate.swift; sourceTree = "<group>"; };
		5FC8698623A75EC300B10EB1 /* SceneDelegate.swift */ = {isa = PBXFileReference; lastKnownFileType = sourcecode.swift; path = SceneDelegate.swift; sourceTree = "<group>"; };
		5FC8698823A75EC300B10EB1 /* ViewController.swift */ = {isa = PBXFileReference; lastKnownFileType = sourcecode.swift; path = ViewController.swift; sourceTree = "<group>"; };
		5FC8698B23A75EC300B10EB1 /* Base */ = {isa = PBXFileReference; lastKnownFileType = file.storyboard; name = Base; path = Base.lproj/Main.storyboard; sourceTree = "<group>"; };
		5FC8698D23A75EC700B10EB1 /* Assets.xcassets */ = {isa = PBXFileReference; lastKnownFileType = folder.assetcatalog; path = Assets.xcassets; sourceTree = "<group>"; };
		5FC8699023A75EC700B10EB1 /* Base */ = {isa = PBXFileReference; lastKnownFileType = file.storyboard; name = Base; path = Base.lproj/LaunchScreen.storyboard; sourceTree = "<group>"; };
		5FC8699223A75EC800B10EB1 /* Info.plist */ = {isa = PBXFileReference; lastKnownFileType = text.plist.xml; path = Info.plist; sourceTree = "<group>"; };
		5FC8699923A79E7900B10EB1 /* multiplatform_logic.framework */ = {isa = PBXFileReference; lastKnownFileType = wrapper.framework; name = multiplatform_logic.framework; path = "../multiplatform-logic/build/xcode-frameworks/multiplatform_logic.framework"; sourceTree = "<group>"; };
/* End PBXFileReference section */

/* Begin PBXFrameworksBuildPhase section */
		5FC8697E23A75EC300B10EB1 /* Frameworks */ = {
			isa = PBXFrameworksBuildPhase;
			buildActionMask = 2147483647;
			files = (
				5FC8699A23A79E7900B10EB1 /* multiplatform_logic.framework in Frameworks */,
			);
			runOnlyForDeploymentPostprocessing = 0;
		};
/* End PBXFrameworksBuildPhase section */

/* Begin PBXGroup section */
		5FC8697823A75EC300B10EB1 = {
			isa = PBXGroup;
			children = (
				5FC8698323A75EC300B10EB1 /* KNDemo */,
				5FC8698223A75EC300B10EB1 /* Products */,
				5FC8699823A79E7900B10EB1 /* Frameworks */,
			);
			sourceTree = "<group>";
		};
		5FC8698223A75EC300B10EB1 /* Products */ = {
			isa = PBXGroup;
			children = (
				5FC8698123A75EC300B10EB1 /* KNDemo.app */,
			);
			name = Products;
			sourceTree = "<group>";
		};
		5FC8698323A75EC300B10EB1 /* KNDemo */ = {
			isa = PBXGroup;
			children = (
				5FC8698423A75EC300B10EB1 /* AppDelegate.swift */,
				5FC8698623A75EC300B10EB1 /* SceneDelegate.swift */,
				5FC8698823A75EC300B10EB1 /* ViewController.swift */,
				5FC8698A23A75EC300B10EB1 /* Main.storyboard */,
				5FC8698D23A75EC700B10EB1 /* Assets.xcassets */,
				5FC8698F23A75EC700B10EB1 /* LaunchScreen.storyboard */,
				5FC8699223A75EC800B10EB1 /* Info.plist */,
			);
			path = KNDemo;
			sourceTree = "<group>";
		};
		5FC8699823A79E7900B10EB1 /* Frameworks */ = {
			isa = PBXGroup;
			children = (
				5FC8699923A79E7900B10EB1 /* multiplatform_logic.framework */,
			);
			name = Frameworks;
			sourceTree = "<group>";
		};
/* End PBXGroup section */

/* Begin PBXNativeTarget section */
		5FC8698023A75EC300B10EB1 /* KNDemo */ = {
			isa = PBXNativeTarget;
			buildConfigurationList = 5FC8699523A75EC800B10EB1 /* Build configuration list for PBXNativeTarget "KNDemo" */;
			buildPhases = (
				5FC8697D23A75EC300B10EB1 /* Sources */,
				5FC8697E23A75EC300B10EB1 /* Frameworks */,
				5FC8697F23A75EC300B10EB1 /* Resources */,
				5FC8699C23A79E7900B10EB1 /* Embed Frameworks */,
				5FC8699E23A7A21300B10EB1 /* ShellScript */,
			);
			buildRules = (
			);
			dependencies = (
			);
			name = KNDemo;
			productName = KNDemo;
			productReference = 5FC8698123A75EC300B10EB1 /* KNDemo.app */;
			productType = "com.apple.product-type.application";
		};
/* End PBXNativeTarget section */

/* Begin PBXProject section */
		5FC8697923A75EC300B10EB1 /* Project object */ = {
			isa = PBXProject;
			attributes = {
				LastSwiftUpdateCheck = 1120;
				LastUpgradeCheck = 1120;
				ORGANIZATIONNAME = "周奕成";
				TargetAttributes = {
					5FC8698023A75EC300B10EB1 = {
						CreatedOnToolsVersion = 11.2.1;
					};
				};
			};
			buildConfigurationList = 5FC8697C23A75EC300B10EB1 /* Build configuration list for PBXProject "KNDemo" */;
			compatibilityVersion = "Xcode 9.3";
			developmentRegion = en;
			hasScannedForEncodings = 0;
			knownRegions = (
				en,
				Base,
			);
			mainGroup = 5FC8697823A75EC300B10EB1;
			productRefGroup = 5FC8698223A75EC300B10EB1 /* Products */;
			projectDirPath = "";
			projectRoot = "";
			targets = (
				5FC8698023A75EC300B10EB1 /* KNDemo */,
			);
		};
/* End PBXProject section */

/* Begin PBXResourcesBuildPhase section */
		5FC8697F23A75EC300B10EB1 /* Resources */ = {
			isa = PBXResourcesBuildPhase;
			buildActionMask = 2147483647;
			files = (
				5FC8699123A75EC700B10EB1 /* LaunchScreen.storyboard in Resources */,
				5FC8698E23A75EC700B10EB1 /* Assets.xcassets in Resources */,
				5FC8698C23A75EC300B10EB1 /* Main.storyboard in Resources */,
			);
			runOnlyForDeploymentPostprocessing = 0;
		};
/* End PBXResourcesBuildPhase section */

/* Begin PBXShellScriptBuildPhase section */
		5FC8699E23A7A21300B10EB1 /* ShellScript */ = {
			isa = PBXShellScriptBuildPhase;
			buildActionMask = 2147483647;
			files = (
			);
			inputFileListPaths = (
			);
			inputPaths = (
			);
			outputFileListPaths = (
			);
			outputPaths = (
			);
			runOnlyForDeploymentPostprocessing = 0;
			shellPath = /bin/sh;
			shellScript = "# Type a script or drag a script file from your workspace to insert its path.\necho $SRCROOT/../multiplatform-logic/build/xcode-frameworks\ncd $SRCROOT/../multiplatform-logic/build/xcode-frameworks\n./gradlew :multiplatform:packForXCode\n";
		};
/* End PBXShellScriptBuildPhase section */

/* Begin PBXSourcesBuildPhase section */
		5FC8697D23A75EC300B10EB1 /* Sources */ = {
			isa = PBXSourcesBuildPhase;
			buildActionMask = 2147483647;
			files = (
				5FC8698923A75EC300B10EB1 /* ViewController.swift in Sources */,
				5FC8698523A75EC300B10EB1 /* AppDelegate.swift in Sources */,
				5FC8698723A75EC300B10EB1 /* SceneDelegate.swift in Sources */,
			);
			runOnlyForDeploymentPostprocessing = 0;
		};
/* End PBXSourcesBuildPhase section */

/* Begin PBXVariantGroup section */
		5FC8698A23A75EC300B10EB1 /* Main.storyboard */ = {
			isa = PBXVariantGroup;
			children = (
				5FC8698B23A75EC300B10EB1 /* Base */,
			);
			name = Main.storyboard;
			sourceTree = "<group>";
		};
		5FC8698F23A75EC700B10EB1 /* LaunchScreen.storyboard */ = {
			isa = PBXVariantGroup;
			children = (
				5FC8699023A75EC700B10EB1 /* Base */,
			);
			name = LaunchScreen.storyboard;
			sourceTree = "<group>";
		};
/* End PBXVariantGroup section */

/* Begin XCBuildConfiguration section */
		5FC8699323A75EC800B10EB1 /* Debug */ = {
			isa = XCBuildConfiguration;
			buildSettings = {
				ALWAYS_SEARCH_USER_PATHS = NO;
				CLANG_ANALYZER_NONNULL = YES;
				CLANG_ANALYZER_NUMBER_OBJECT_CONVERSION = YES_AGGRESSIVE;
				CLANG_CXX_LANGUAGE_STANDARD = "gnu++14";
				CLANG_CXX_LIBRARY = "libc++";
				CLANG_ENABLE_MODULES = YES;
				CLANG_ENABLE_OBJC_ARC = YES;
				CLANG_ENABLE_OBJC_WEAK = YES;
				CLANG_WARN_BLOCK_CAPTURE_AUTORELEASING = YES;
				CLANG_WARN_BOOL_CONVERSION = YES;
				CLANG_WARN_COMMA = YES;
				CLANG_WARN_CONSTANT_CONVERSION = YES;
				CLANG_WARN_DEPRECATED_OBJC_IMPLEMENTATIONS = YES;
				CLANG_WARN_DIRECT_OBJC_ISA_USAGE = YES_ERROR;
				CLANG_WARN_DOCUMENTATION_COMMENTS = YES;
				CLANG_WARN_EMPTY_BODY = YES;
				CLANG_WARN_ENUM_CONVERSION = YES;
				CLANG_WARN_INFINITE_RECURSION = YES;
				CLANG_WARN_INT_CONVERSION = YES;
				CLANG_WARN_NON_LITERAL_NULL_CONVERSION = YES;
				CLANG_WARN_OBJC_IMPLICIT_RETAIN_SELF = YES;
				CLANG_WARN_OBJC_LITERAL_CONVERSION = YES;
				CLANG_WARN_OBJC_ROOT_CLASS = YES_ERROR;
				CLANG_WARN_RANGE_LOOP_ANALYSIS = YES;
				CLANG_WARN_STRICT_PROTOTYPES = YES;
				CLANG_WARN_SUSPICIOUS_MOVE = YES;
				CLANG_WARN_UNGUARDED_AVAILABILITY = YES_AGGRESSIVE;
				CLANG_WARN_UNREACHABLE_CODE = YES;
				CLANG_WARN__DUPLICATE_METHOD_MATCH = YES;
				COPY_PHASE_STRIP = NO;
				DEBUG_INFORMATION_FORMAT = dwarf;
				ENABLE_STRICT_OBJC_MSGSEND = YES;
				ENABLE_TESTABILITY = YES;
				GCC_C_LANGUAGE_STANDARD = gnu11;
				GCC_DYNAMIC_NO_PIC = NO;
				GCC_NO_COMMON_BLOCKS = YES;
				GCC_OPTIMIZATION_LEVEL = 0;
				GCC_PREPROCESSOR_DEFINITIONS = (
					"DEBUG=1",
					"$(inherited)",
				);
				GCC_WARN_64_TO_32_BIT_CONVERSION = YES;
				GCC_WARN_ABOUT_RETURN_TYPE = YES_ERROR;
				GCC_WARN_UNDECLARED_SELECTOR = YES;
				GCC_WARN_UNINITIALIZED_AUTOS = YES_AGGRESSIVE;
				GCC_WARN_UNUSED_FUNCTION = YES;
				GCC_WARN_UNUSED_VARIABLE = YES;
				IPHONEOS_DEPLOYMENT_TARGET = 13.2;
				MTL_ENABLE_DEBUG_INFO = INCLUDE_SOURCE;
				MTL_FAST_MATH = YES;
				ONLY_ACTIVE_ARCH = YES;
				SDKROOT = iphoneos;
				SWIFT_ACTIVE_COMPILATION_CONDITIONS = DEBUG;
				SWIFT_OPTIMIZATION_LEVEL = "-Onone";
			};
			name = Debug;
		};
		5FC8699423A75EC800B10EB1 /* Release */ = {
			isa = XCBuildConfiguration;
			buildSettings = {
				ALWAYS_SEARCH_USER_PATHS = NO;
				CLANG_ANALYZER_NONNULL = YES;
				CLANG_ANALYZER_NUMBER_OBJECT_CONVERSION = YES_AGGRESSIVE;
				CLANG_CXX_LANGUAGE_STANDARD = "gnu++14";
				CLANG_CXX_LIBRARY = "libc++";
				CLANG_ENABLE_MODULES = YES;
				CLANG_ENABLE_OBJC_ARC = YES;
				CLANG_ENABLE_OBJC_WEAK = YES;
				CLANG_WARN_BLOCK_CAPTURE_AUTORELEASING = YES;
				CLANG_WARN_BOOL_CONVERSION = YES;
				CLANG_WARN_COMMA = YES;
				CLANG_WARN_CONSTANT_CONVERSION = YES;
				CLANG_WARN_DEPRECATED_OBJC_IMPLEMENTATIONS = YES;
				CLANG_WARN_DIRECT_OBJC_ISA_USAGE = YES_ERROR;
				CLANG_WARN_DOCUMENTATION_COMMENTS = YES;
				CLANG_WARN_EMPTY_BODY = YES;
				CLANG_WARN_ENUM_CONVERSION = YES;
				CLANG_WARN_INFINITE_RECURSION = YES;
				CLANG_WARN_INT_CONVERSION = YES;
				CLANG_WARN_NON_LITERAL_NULL_CONVERSION = YES;
				CLANG_WARN_OBJC_IMPLICIT_RETAIN_SELF = YES;
				CLANG_WARN_OBJC_LITERAL_CONVERSION = YES;
				CLANG_WARN_OBJC_ROOT_CLASS = YES_ERROR;
				CLANG_WARN_RANGE_LOOP_ANALYSIS = YES;
				CLANG_WARN_STRICT_PROTOTYPES = YES;
				CLANG_WARN_SUSPICIOUS_MOVE = YES;
				CLANG_WARN_UNGUARDED_AVAILABILITY = YES_AGGRESSIVE;
				CLANG_WARN_UNREACHABLE_CODE = YES;
				CLANG_WARN__DUPLICATE_METHOD_MATCH = YES;
				COPY_PHASE_STRIP = NO;
				DEBUG_INFORMATION_FORMAT = "dwarf-with-dsym";
				ENABLE_NS_ASSERTIONS = NO;
				ENABLE_STRICT_OBJC_MSGSEND = YES;
				GCC_C_LANGUAGE_STANDARD = gnu11;
				GCC_NO_COMMON_BLOCKS = YES;
				GCC_WARN_64_TO_32_BIT_CONVERSION = YES;
				GCC_WARN_ABOUT_RETURN_TYPE = YES_ERROR;
				GCC_WARN_UNDECLARED_SELECTOR = YES;
				GCC_WARN_UNINITIALIZED_AUTOS = YES_AGGRESSIVE;
				GCC_WARN_UNUSED_FUNCTION = YES;
				GCC_WARN_UNUSED_VARIABLE = YES;
				IPHONEOS_DEPLOYMENT_TARGET = 13.2;
				MTL_ENABLE_DEBUG_INFO = NO;
				MTL_FAST_MATH = YES;
				SDKROOT = iphoneos;
				SWIFT_COMPILATION_MODE = wholemodule;
				SWIFT_OPTIMIZATION_LEVEL = "-O";
				VALIDATE_PRODUCT = YES;
			};
			name = Release;
		};
		5FC8699623A75EC800B10EB1 /* Debug */ = {
			isa = XCBuildConfiguration;
			buildSettings = {
				ASSETCATALOG_COMPILER_APPICON_NAME = AppIcon;
				CODE_SIGN_STYLE = Automatic;
				FRAMEWORK_SEARCH_PATHS = "$(SRCROOT)/../multiplatform-logic/build/xcode-frameworks";
				INFOPLIST_FILE = KNDemo/Info.plist;
				LD_RUNPATH_SEARCH_PATHS = (
					"$(inherited)",
					"@executable_path/Frameworks",
				);
				PRODUCT_BUNDLE_IDENTIFIER = me.river.KNDemo;
				PRODUCT_NAME = "$(TARGET_NAME)";
				SWIFT_VERSION = 5.0;
				TARGETED_DEVICE_FAMILY = "1,2";
			};
			name = Debug;
		};
		5FC8699723A75EC800B10EB1 /* Release */ = {
			isa = XCBuildConfiguration;
			buildSettings = {
				ASSETCATALOG_COMPILER_APPICON_NAME = AppIcon;
				CODE_SIGN_STYLE = Automatic;
				FRAMEWORK_SEARCH_PATHS = "$(SRCROOT)/../multiplatform-logic/build/xcode-frameworks";
				INFOPLIST_FILE = KNDemo/Info.plist;
				LD_RUNPATH_SEARCH_PATHS = (
					"$(inherited)",
					"@executable_path/Frameworks",
				);
				PRODUCT_BUNDLE_IDENTIFIER = me.river.KNDemo;
				PRODUCT_NAME = "$(TARGET_NAME)";
				SWIFT_VERSION = 5.0;
				TARGETED_DEVICE_FAMILY = "1,2";
			};
			name = Release;
		};
/* End XCBuildConfiguration section */

/* Begin XCConfigurationList section */
		5FC8697C23A75EC300B10EB1 /* Build configuration list for PBXProject "KNDemo" */ = {
			isa = XCConfigurationList;
			buildConfigurations = (
				5FC8699323A75EC800B10EB1 /* Debug */,
				5FC8699423A75EC800B10EB1 /* Release */,
			);
			defaultConfigurationIsVisible = 0;
			defaultConfigurationName = Release;
		};
		5FC8699523A75EC800B10EB1 /* Build configuration list for PBXNativeTarget "KNDemo" */ = {
			isa = XCConfigurationList;
			buildConfigurations = (
				5FC8699623A75EC800B10EB1 /* Debug */,
				5FC8699723A75EC800B10EB1 /* Release */,
			);
			defaultConfigurationIsVisible = 0;
			defaultConfigurationName = Release;
		};
/* End XCConfigurationList section */
	};
	rootObject = 5FC8697923A75EC300B10EB1 /* Project object */;
}
